
Microsoft Visual Studio Solution File, Format Version 12.00
# Visual Studio Version 17
VisualStudioVersion = 17.10.35013.160
MinimumVisualStudioVersion = 10.0.40219.1
Project("{9A19103F-16F7-4668-BE54-9A1E7A4F7556}") = "PcClinicApi", "PcClinicApi\PcClinicApi.csproj", "{F7795878-E257-4058-81E6-9E13F8C324B5}"
EndProject
Project("{9A19103F-16F7-4668-BE54-9A1E7A4F7556}") = "ConsoleTestApp", "ConsoleTestApp\ConsoleTestApp.csproj", "{EF332753-0DC6-4CA3-B9EE-AA94F785AFC6}"
EndProject
Project("{9A19103F-16F7-4668-BE54-9A1E7A4F7556}") = "PcClinicTicketingRazorUi", "PcClinicTicketingRazorUi\PcClinicTicketingRazorUi.csproj", "{EA5E798A-C3F8-433B-9355-B815CBDE0AC2}"
EndProject
Global
	GlobalSection(SolutionConfigurationPlatforms) = preSolution
		Debug|Any CPU = Debug|Any CPU
		Release|Any CPU = Release|Any CPU
	EndGlobalSection
	GlobalSection(ProjectConfigurationPlatforms) = postSolution
		{F7795878-E257-4058-81E6-9E13F8C324B5}.Debug|Any CPU.ActiveCfg = Debug|Any CPU
		{F7795878-E257-4058-81E6-9E13F8C324B5}.Debug|Any CPU.Build.0 = Debug|Any CPU
		{F7795878-E257-4058-81E6-9E13F8C324B5}.Release|Any CPU.ActiveCfg = Release|Any CPU
		{F7795878-E257-4058-81E6-9E13F8C324B5}.Release|Any CPU.Build.0 = Release|Any CPU
		{EF332753-0DC6-4CA3-B9EE-AA94F785AFC6}.Debug|Any CPU.ActiveCfg = Debug|Any CPU
		{EF332753-0DC6-4CA3-B9EE-AA94F785AFC6}.Debug|Any CPU.Build.0 = Debug|Any CPU
		{EF332753-0DC6-4CA3-B9EE-AA94F785AFC6}.Release|Any CPU.ActiveCfg = Release|Any CPU
		{EF332753-0DC6-4CA3-B9EE-AA94F785AFC6}.Release|Any CPU.Build.0 = Release|Any CPU
		{EA5E798A-C3F8-433B-9355-B815CBDE0AC2}.Debug|Any CPU.ActiveCfg = Debug|Any CPU
		{EA5E798A-C3F8-433B-9355-B815CBDE0AC2}.Debug|Any CPU.Build.0 = Debug|Any CPU
		{EA5E798A-C3F8-433B-9355-B815CBDE0AC2}.Release|Any CPU.ActiveCfg = Release|Any CPU
		{EA5E798A-C3F8-433B-9355-B815CBDE0AC2}.Release|Any CPU.Build.0 = Release|Any CPU
	EndGlobalSection
	GlobalSection(SolutionProperties) = preSolution
		HideSolutionNode = FALSE
	EndGlobalSection
	GlobalSection(ExtensibilityGlobals) = postSolution
		SolutionGuid = {7C52C173-BF4D-49BD-B147-A96D3ACBD549}
	EndGlobalSection
EndGlobal
