
Microsoft Visual Studio Solution File, Format Version 12.00
# Visual Studio Version 17
VisualStudioVersion = 17.10.35013.160
MinimumVisualStudioVersion = 10.0.40219.1
Project("{9A19103F-16F7-4668-BE54-9A1E7A4F7556}") = "PCClinicClassLibrary", "PCClinicClassLibrary\PCClinicClassLibrary.csproj", "{77D52E17-BC99-4295-AA1B-D127579186FD}"
EndProject
Project("{FAE04EC0-301F-11D3-BF4B-00C04F79EFBC}") = "PCClinicWebAPI", "PCClinicWebAPI\PCClinicWebAPI.csproj", "{C8945990-F5C6-404E-96C0-601C39996F66}"
EndProject
Project("{FAE04EC0-301F-11D3-BF4B-00C04F79EFBC}") = "PCClinicWeb", "PCClinicWeb\PCClinicWeb.csproj", "{2D634973-CD45-4123-BDCB-8F8669F9379D}"
EndProject
Global
	GlobalSection(SolutionConfigurationPlatforms) = preSolution
		Debug|Any CPU = Debug|Any CPU
		Release|Any CPU = Release|Any CPU
	EndGlobalSection
	GlobalSection(ProjectConfigurationPlatforms) = postSolution
		{77D52E17-BC99-4295-AA1B-D127579186FD}.Debug|Any CPU.ActiveCfg = Debug|Any CPU
		{77D52E17-BC99-4295-AA1B-D127579186FD}.Debug|Any CPU.Build.0 = Debug|Any CPU
		{77D52E17-BC99-4295-AA1B-D127579186FD}.Release|Any CPU.ActiveCfg = Release|Any CPU
		{77D52E17-BC99-4295-AA1B-D127579186FD}.Release|Any CPU.Build.0 = Release|Any CPU
		{C8945990-F5C6-404E-96C0-601C39996F66}.Debug|Any CPU.ActiveCfg = Debug|Any CPU
		{C8945990-F5C6-404E-96C0-601C39996F66}.Debug|Any CPU.Build.0 = Debug|Any CPU
		{C8945990-F5C6-404E-96C0-601C39996F66}.Release|Any CPU.ActiveCfg = Release|Any CPU
		{C8945990-F5C6-404E-96C0-601C39996F66}.Release|Any CPU.Build.0 = Release|Any CPU
		{2D634973-CD45-4123-BDCB-8F8669F9379D}.Debug|Any CPU.ActiveCfg = Debug|Any CPU
		{2D634973-CD45-4123-BDCB-8F8669F9379D}.Debug|Any CPU.Build.0 = Debug|Any CPU
		{2D634973-CD45-4123-BDCB-8F8669F9379D}.Release|Any CPU.ActiveCfg = Release|Any CPU
		{2D634973-CD45-4123-BDCB-8F8669F9379D}.Release|Any CPU.Build.0 = Release|Any CPU
	EndGlobalSection
	GlobalSection(SolutionProperties) = preSolution
		HideSolutionNode = FALSE
	EndGlobalSection
	GlobalSection(ExtensibilityGlobals) = postSolution
		SolutionGuid = {7C52C173-BF4D-49BD-B147-A96D3ACBD549}
	EndGlobalSection
EndGlobal
